
Microsoft Visual Studio Solution File, Format Version 12.00
# Visual Studio Version 17
VisualStudioVersion = 17.9.34616.47
MinimumVisualStudioVersion = 10.0.40219.1
Project("{FAE04EC0-301F-11D3-BF4B-00C04F79EFBC}") = "IS3050-002 Group Collaboration Project", "IS3050-002 Group Collaboration Project\IS3050-002 Group Collaboration Project.csproj", "{7E96BA47-59CA-4D04-87EB-FE9F30679384}"
EndProject
Global
	GlobalSection(SolutionConfigurationPlatforms) = preSolution
		Debug|Any CPU = Debug|Any CPU
		Release|Any CPU = Release|Any CPU
	EndGlobalSection
	GlobalSection(ProjectConfigurationPlatforms) = postSolution
		{7E96BA47-59CA-4D04-87EB-FE9F30679384}.Debug|Any CPU.ActiveCfg = Debug|Any CPU
		{7E96BA47-59CA-4D04-87EB-FE9F30679384}.Debug|Any CPU.Build.0 = Debug|Any CPU
		{7E96BA47-59CA-4D04-87EB-FE9F30679384}.Release|Any CPU.ActiveCfg = Release|Any CPU
		{7E96BA47-59CA-4D04-87EB-FE9F30679384}.Release|Any CPU.Build.0 = Release|Any CPU
	EndGlobalSection
	GlobalSection(SolutionProperties) = preSolution
		HideSolutionNode = FALSE
	EndGlobalSection
	GlobalSection(ExtensibilityGlobals) = postSolution
		SolutionGuid = {013F951E-22FA-4430-BA40-89F2988A0769}
	EndGlobalSection
EndGlobal
